
Microsoft Visual Studio Solution File, Format Version 12.00
# Visual Studio Version 17
VisualStudioVersion = 17.3.32901.215
MinimumVisualStudioVersion = 10.0.40219.1
Project("{888888A0-9F3D-457C-B088-3A5042F75D52}") = "NewRestServicePy", "NewRestServicePy\NewRestServicePy.pyproj", "{1D1CAD85-1D67-4F32-8BD8-21672F881043}"
EndProject
Global
	GlobalSection(SolutionConfigurationPlatforms) = preSolution
		Debug|Any CPU = Debug|Any CPU
		Release|Any CPU = Release|Any CPU
	EndGlobalSection
	GlobalSection(ProjectConfigurationPlatforms) = postSolution
		{1D1CAD85-1D67-4F32-8BD8-21672F881043}.Debug|Any CPU.ActiveCfg = Debug|Any CPU
		{1D1CAD85-1D67-4F32-8BD8-21672F881043}.Debug|Any CPU.Build.0 = Debug|Any CPU
		{1D1CAD85-1D67-4F32-8BD8-21672F881043}.Release|Any CPU.ActiveCfg = Release|Any CPU
		{1D1CAD85-1D67-4F32-8BD8-21672F881043}.Release|Any CPU.Build.0 = Release|Any CPU
	EndGlobalSection
	GlobalSection(SolutionProperties) = preSolution
		HideSolutionNode = FALSE
	EndGlobalSection
	GlobalSection(ExtensibilityGlobals) = postSolution
		SolutionGuid = {FC6551E7-7AF3-4486-A94C-65CABD83C06C}
	EndGlobalSection
EndGlobal
